
Microsoft Visual Studio Solution File, Format Version 12.00
# Visual Studio Version 17
VisualStudioVersion = 17.4.33205.214
MinimumVisualStudioVersion = 10.0.40219.1
Project("{FAE04EC0-301F-11D3-BF4B-00C04F79EFBC}") = "Minvoice Report", "Report\Minvoice Report.csproj", "{B453CEBB-3EA4-4083-BC40-A4B34FB41142}"
EndProject
Global
	GlobalSection(SolutionConfigurationPlatforms) = preSolution
		Debug|Any CPU = Debug|Any CPU
		Release|Any CPU = Release|Any CPU
	EndGlobalSection
	GlobalSection(ProjectConfigurationPlatforms) = postSolution
		{B453CEBB-3EA4-4083-BC40-A4B34FB41142}.Debug|Any CPU.ActiveCfg = Debug|Any CPU
		{B453CEBB-3EA4-4083-BC40-A4B34FB41142}.Debug|Any CPU.Build.0 = Debug|Any CPU
		{B453CEBB-3EA4-4083-BC40-A4B34FB41142}.Release|Any CPU.ActiveCfg = Release|Any CPU
		{B453CEBB-3EA4-4083-BC40-A4B34FB41142}.Release|Any CPU.Build.0 = Release|Any CPU
	EndGlobalSection
	GlobalSection(SolutionProperties) = preSolution
		HideSolutionNode = FALSE
	EndGlobalSection
	GlobalSection(ExtensibilityGlobals) = postSolution
		SolutionGuid = {834C7975-90F0-411F-A005-EA997A56DAE2}
	EndGlobalSection
EndGlobal
